Microsoft Visual Studio Solution File, Format Version 12.00
# Visual Studio Version 18
VisualStudioVersion = 18.3.11408.92
MinimumVisualStudioVersion = 10.0.40219.1
Project("{FAE04EC0-301F-11D3-BF4B-00C04F79EFBC}") = "S5Server", "S5Server\S5Server.csproj", "{B5BD6276-BCE4-1F42-3E4F-DF4C2B5BCAFC}"
EndProject
Global
	GlobalSection(SolutionConfigurationPlatforms) = preSolution
		Debug|Any CPU = Debug|Any CPU
		Release|Any CPU = Release|Any CPU
	EndGlobalSection
	GlobalSection(ProjectConfigurationPlatforms) = postSolution
		{B5BD6276-BCE4-1F42-3E4F-DF4C2B5BCAFC}.Debug|Any CPU.ActiveCfg = Debug|Any CPU
		{B5BD6276-BCE4-1F42-3E4F-DF4C2B5BCAFC}.Debug|Any CPU.Build.0 = Debug|Any CPU
		{B5BD6276-BCE4-1F42-3E4F-DF4C2B5BCAFC}.Release|Any CPU.ActiveCfg = Release|Any CPU
		{B5BD6276-BCE4-1F42-3E4F-DF4C2B5BCAFC}.Release|Any CPU.Build.0 = Release|Any CPU
	EndGlobalSection
	GlobalSection(SolutionProperties) = preSolution
		HideSolutionNode = FALSE
	EndGlobalSection
	GlobalSection(ExtensibilityGlobals) = postSolution
		SolutionGuid = {DA7E142D-F3C6-46D4-BBA4-1D2687FD4485}
	EndGlobalSection
EndGlobal
